
Microsoft Visual Studio Solution File, Format Version 12.00
# Visual Studio Version 17
VisualStudioVersion = 17.6.33829.357
MinimumVisualStudioVersion = 10.0.40219.1
Project("{FAE04EC0-301F-11D3-BF4B-00C04F79EFBC}") = "GameStore", "GameStore\GameStore.csproj", "{508428D6-23BB-4C1B-A3BD-E44F09AA2A9A}"
EndProject
Global
	GlobalSection(SolutionConfigurationPlatforms) = preSolution
		Debug|Any CPU = Debug|Any CPU
		Release|Any CPU = Release|Any CPU
	EndGlobalSection
	GlobalSection(ProjectConfigurationPlatforms) = postSolution
		{508428D6-23BB-4C1B-A3BD-E44F09AA2A9A}.Debug|Any CPU.ActiveCfg = Debug|Any CPU
		{508428D6-23BB-4C1B-A3BD-E44F09AA2A9A}.Debug|Any CPU.Build.0 = Debug|Any CPU
		{508428D6-23BB-4C1B-A3BD-E44F09AA2A9A}.Release|Any CPU.ActiveCfg = Release|Any CPU
		{508428D6-23BB-4C1B-A3BD-E44F09AA2A9A}.Release|Any CPU.Build.0 = Release|Any CPU
	EndGlobalSection
	GlobalSection(SolutionProperties) = preSolution
		HideSolutionNode = FALSE
	EndGlobalSection
	GlobalSection(ExtensibilityGlobals) = postSolution
		SolutionGuid = {C7D6F3DB-F1B0-432E-81AF-08D7C2FACA07}
	EndGlobalSection
EndGlobal
